// !$*UTF8*$!
{
	archiveVersion = 1;
	classes = {
	};
	objectVersion = 48;
	objects = {

/* Begin PBXBuildFile section */
		F40FBD572003133400D403AC /* input.cpp in Sources */ = {isa = PBXBuildFile; fileRef = F40FBD552003133400D403AC /* input.cpp */; };
		F4BBABF31FFF6A3600ABB340 /* spring.cpp in Sources */ = {isa = PBXBuildFile; fileRef = F4BBABF11FFF6A3600ABB340 /* spring.cpp */; };
		F4FCD3701FF8A220009E9B3E /* SDL2.framework in Frameworks */ = {isa = PBXBuildFile; fileRef = F4FCD36E1FF8A220009E9B3E /* SDL2.framework */; };
		F4FCD3711FF8A220009E9B3E /* SDL2_image.framework in Frameworks */ = {isa = PBXBuildFile; fileRef = F4FCD36F1FF8A220009E9B3E /* SDL2_image.framework */; };
		F4FCD3721FF8A246009E9B3E /* Content in CopyFiles */ = {isa = PBXBuildFile; fileRef = F4FCD36C1FF8A19D009E9B3E /* Content */; };
		F4FCD3731FF8A246009E9B3E /* Frameworks in CopyFiles */ = {isa = PBXBuildFile; fileRef = F4FCD36D1FF8A19D009E9B3E /* Frameworks */; };
		F4FCD3781FF8A427009E9B3E /* game.cpp in Sources */ = {isa = PBXBuildFile; fileRef = F4FCD3761FF8A427009E9B3E /* game.cpp */; };
		F4FCD37C1FF8A5F5009E9B3E /* graphics.cpp in Sources */ = {isa = PBXBuildFile; fileRef = F4FCD37A1FF8A5F5009E9B3E /* graphics.cpp */; };
		F4FCD3801FF8B150009E9B3E /* main.cpp in Sources */ = {isa = PBXBuildFile; fileRef = F4FCD37F1FF8B150009E9B3E /* main.cpp */; };
		F4FCD3871FF98E38009E9B3E /* sprite.cpp in Sources */ = {isa = PBXBuildFile; fileRef = F4FCD3851FF98E38009E9B3E /* sprite.cpp */; };
		F4FCD38A1FF9AF99009E9B3E /* animatedsprite.cpp in Sources */ = {isa = PBXBuildFile; fileRef = F4FCD3881FF9AF99009E9B3E /* animatedsprite.cpp */; };
		F4FCD38D1FF9CA07009E9B3E /* player.cpp in Sources */ = {isa = PBXBuildFile; fileRef = F4FCD38B1FF9CA07009E9B3E /* player.cpp */; };
		F4FCD3901FFB4AB2009E9B3E /* world.cpp in Sources */ = {isa = PBXBuildFile; fileRef = F4FCD38E1FFB4AB2009E9B3E /* world.cpp */; };
		F4FCD3931FFB6A03009E9B3E /* platform.cpp in Sources */ = {isa = PBXBuildFile; fileRef = F4FCD3911FFB6A03009E9B3E /* platform.cpp */; };
		F4FCD3961FFB85A0009E9B3E /* collidable.cpp in Sources */ = {isa = PBXBuildFile; fileRef = F4FCD3941FFB85A0009E9B3E /* collidable.cpp */; };
/* End PBXBuildFile section */

/* Begin PBXCopyFilesBuildPhase section */
		F4FCD35B1FF832F9009E9B3E /* CopyFiles */ = {
			isa = PBXCopyFilesBuildPhase;
			buildActionMask = 12;
			dstPath = "";
			dstSubfolderSpec = 16;
			files = (
				F4FCD3721FF8A246009E9B3E /* Content in CopyFiles */,
				F4FCD3731FF8A246009E9B3E /* Frameworks in CopyFiles */,
			);
			runOnlyForDeploymentPostprocessing = 0;
		};
/* End PBXCopyFilesBuildPhase section */

/* Begin PBXFileReference section */
		F40FBD4E1FFF799700D403AC /* ElsaJump.app */ = {isa = PBXFileReference; lastKnownFileType = wrapper.application; path = ElsaJump.app; sourceTree = "<group>"; };
		F40FBD4F20014AC800D403AC /* spring.psd */ = {isa = PBXFileReference; lastKnownFileType = file; path = spring.psd; sourceTree = "<group>"; };
		F40FBD5020014AC800D403AC /* elsachar.psd */ = {isa = PBXFileReference; lastKnownFileType = file; path = elsachar.psd; sourceTree = "<group>"; };
		F40FBD5120014AC800D403AC /* cloud.psd */ = {isa = PBXFileReference; lastKnownFileType = file; path = cloud.psd; sourceTree = "<group>"; };
		F40FBD5220014AC800D403AC /* coin.psd */ = {isa = PBXFileReference; lastKnownFileType = file; path = coin.psd; sourceTree = "<group>"; };
		F40FBD5320014AC900D403AC /* numsheet.psd */ = {isa = PBXFileReference; lastKnownFileType = file; path = numsheet.psd; sourceTree = "<group>"; };
		F40FBD5420014AC900D403AC /* startgametext.psd */ = {isa = PBXFileReference; lastKnownFileType = file; path = startgametext.psd; sourceTree = "<group>"; };
		F40FBD552003133400D403AC /* input.cpp */ = {isa = PBXFileReference; fileEncoding = 4; lastKnownFileType = sourcecode.cpp.cpp; path = input.cpp; sourceTree = "<group>"; };
		F40FBD562003133400D403AC /* input.h */ = {isa = PBXFileReference; fileEncoding = 4; lastKnownFileType = sourcecode.c.h; path = input.h; sourceTree = "<group>"; };
		F4BBABF11FFF6A3600ABB340 /* spring.cpp */ = {isa = PBXFileReference; lastKnownFileType = sourcecode.cpp.cpp; path = spring.cpp; sourceTree = "<group>"; };
		F4BBABF21FFF6A3600ABB340 /* spring.h */ = {isa = PBXFileReference; lastKnownFileType = sourcecode.c.h; path = spring.h; sourceTree = "<group>"; };
		F4FCD35D1FF832F9009E9B3E /* Elsa Jump */ = {isa = PBXFileReference; explicitFileType = "compiled.mach-o.executable"; includeInIndex = 0; path = "Elsa Jump"; sourceTree = BUILT_PRODUCTS_DIR; };
		F4FCD3691FF89FEF009E9B3E /* libSDL2-2.0.0.dylib */ = {isa = PBXFileReference; lastKnownFileType = "compiled.mach-o.dylib"; path = "libSDL2-2.0.0.dylib"; sourceTree = "<group>"; };
		F4FCD36C1FF8A19D009E9B3E /* Content */ = {isa = PBXFileReference; lastKnownFileType = folder; path = Content; sourceTree = "<group>"; };
		F4FCD36D1FF8A19D009E9B3E /* Frameworks */ = {isa = PBXFileReference; lastKnownFileType = folder; path = Frameworks; sourceTree = "<group>"; };
		F4FCD36E1FF8A220009E9B3E /* SDL2.framework */ = {isa = PBXFileReference; lastKnownFileType = wrapper.framework; name = SDL2.framework; path = Frameworks/SDL2.framework; sourceTree = "<group>"; };
		F4FCD36F1FF8A220009E9B3E /* SDL2_image.framework */ = {isa = PBXFileReference; lastKnownFileType = wrapper.framework; name = SDL2_image.framework; path = Frameworks/SDL2_image.framework; sourceTree = "<group>"; };
		F4FCD3761FF8A427009E9B3E /* game.cpp */ = {isa = PBXFileReference; lastKnownFileType = sourcecode.cpp.cpp; path = game.cpp; sourceTree = "<group>"; };
		F4FCD3771FF8A427009E9B3E /* game.h */ = {isa = PBXFileReference; lastKnownFileType = sourcecode.c.h; path = game.h; sourceTree = "<group>"; };
		F4FCD37A1FF8A5F5009E9B3E /* graphics.cpp */ = {isa = PBXFileReference; lastKnownFileType = sourcecode.cpp.cpp; path = graphics.cpp; sourceTree = "<group>"; };
		F4FCD37B1FF8A5F5009E9B3E /* graphics.h */ = {isa = PBXFileReference; lastKnownFileType = sourcecode.c.h; path = graphics.h; sourceTree = "<group>"; };
		F4FCD37D1FF8A731009E9B3E /* globals.h */ = {isa = PBXFileReference; lastKnownFileType = sourcecode.c.h; path = globals.h; sourceTree = "<group>"; };
		F4FCD37F1FF8B150009E9B3E /* main.cpp */ = {isa = PBXFileReference; lastKnownFileType = sourcecode.cpp.cpp; path = main.cpp; sourceTree = "<group>"; };
		F4FCD3851FF98E38009E9B3E /* sprite.cpp */ = {isa = PBXFileReference; lastKnownFileType = sourcecode.cpp.cpp; path = sprite.cpp; sourceTree = "<group>"; };
		F4FCD3861FF98E38009E9B3E /* sprite.h */ = {isa = PBXFileReference; lastKnownFileType = sourcecode.c.h; path = sprite.h; sourceTree = "<group>"; };
		F4FCD3881FF9AF99009E9B3E /* animatedsprite.cpp */ = {isa = PBXFileReference; lastKnownFileType = sourcecode.cpp.cpp; path = animatedsprite.cpp; sourceTree = "<group>"; };
		F4FCD3891FF9AF99009E9B3E /* animatedsprite.h */ = {isa = PBXFileReference; lastKnownFileType = sourcecode.c.h; path = animatedsprite.h; sourceTree = "<group>"; };
		F4FCD38B1FF9CA07009E9B3E /* player.cpp */ = {isa = PBXFileReference; lastKnownFileType = sourcecode.cpp.cpp; path = player.cpp; sourceTree = "<group>"; };
		F4FCD38C1FF9CA07009E9B3E /* player.h */ = {isa = PBXFileReference; lastKnownFileType = sourcecode.c.h; path = player.h; sourceTree = "<group>"; };
		F4FCD38E1FFB4AB2009E9B3E /* world.cpp */ = {isa = PBXFileReference; lastKnownFileType = sourcecode.cpp.cpp; path = world.cpp; sourceTree = "<group>"; };
		F4FCD38F1FFB4AB2009E9B3E /* world.h */ = {isa = PBXFileReference; lastKnownFileType = sourcecode.c.h; path = world.h; sourceTree = "<group>"; };
		F4FCD3911FFB6A03009E9B3E /* platform.cpp */ = {isa = PBXFileReference; lastKnownFileType = sourcecode.cpp.cpp; path = platform.cpp; sourceTree = "<group>"; };
		F4FCD3921FFB6A03009E9B3E /* platform.h */ = {isa = PBXFileReference; lastKnownFileType = sourcecode.c.h; path = platform.h; sourceTree = "<group>"; };
		F4FCD3941FFB85A0009E9B3E /* collidable.cpp */ = {isa = PBXFileReference; lastKnownFileType = sourcecode.cpp.cpp; path = collidable.cpp; sourceTree = "<group>"; };
		F4FCD3951FFB85A0009E9B3E /* collidable.h */ = {isa = PBXFileReference; lastKnownFileType = sourcecode.c.h; path = collidable.h; sourceTree = "<group>"; };
/* End PBXFileReference section */

/* Begin PBXFrameworksBuildPhase section */
		F4FCD35A1FF832F9009E9B3E /* Frameworks */ = {
			isa = PBXFrameworksBuildPhase;
			buildActionMask = 2147483647;
			files = (
				F4FCD3701FF8A220009E9B3E /* SDL2.framework in Frameworks */,
				F4FCD3711FF8A220009E9B3E /* SDL2_image.framework in Frameworks */,
			);
			runOnlyForDeploymentPostprocessing = 0;
		};
/* End PBXFrameworksBuildPhase section */

/* Begin PBXGroup section */
		F40FBD4C1FFF6ECA00D403AC /* PSD */ = {
			isa = PBXGroup;
			children = (
				F40FBD5120014AC800D403AC /* cloud.psd */,
				F40FBD5220014AC800D403AC /* coin.psd */,
				F40FBD5020014AC800D403AC /* elsachar.psd */,
				F40FBD5320014AC900D403AC /* numsheet.psd */,
				F40FBD4F20014AC800D403AC /* spring.psd */,
				F40FBD5420014AC900D403AC /* startgametext.psd */,
			);
			path = PSD;
			sourceTree = "<group>";
		};
		F4FCD3541FF832F9009E9B3E = {
			isa = PBXGroup;
			children = (
				F40FBD4E1FFF799700D403AC /* ElsaJump.app */,
				F4FCD36F1FF8A220009E9B3E /* SDL2_image.framework */,
				F4FCD36E1FF8A220009E9B3E /* SDL2.framework */,
				F4FCD37E1FF8AFFC009E9B3E /* Libraries */,
				F4FCD35F1FF832F9009E9B3E /* ElsaJump */,
				F4FCD35E1FF832F9009E9B3E /* Products */,
				F4FCD36D1FF8A19D009E9B3E /* Frameworks */,
			);
			sourceTree = "<group>";
		};
		F4FCD35E1FF832F9009E9B3E /* Products */ = {
			isa = PBXGroup;
			children = (
				F4FCD35D1FF832F9009E9B3E /* Elsa Jump */,
			);
			name = Products;
			sourceTree = "<group>";
		};
		F4FCD35F1FF832F9009E9B3E /* ElsaJump */ = {
			isa = PBXGroup;
			children = (
				F40FBD4C1FFF6ECA00D403AC /* PSD */,
				F4FCD36C1FF8A19D009E9B3E /* Content */,
				F4FCD3791FF8A43D009E9B3E /* Source */,
			);
			path = ElsaJump;
			sourceTree = "<group>";
		};
		F4FCD3791FF8A43D009E9B3E /* Source */ = {
			isa = PBXGroup;
			children = (
				F4FCD3771FF8A427009E9B3E /* game.h */,
				F4FCD3761FF8A427009E9B3E /* game.cpp */,
				F4FCD37B1FF8A5F5009E9B3E /* graphics.h */,
				F4FCD37A1FF8A5F5009E9B3E /* graphics.cpp */,
				F4FCD37D1FF8A731009E9B3E /* globals.h */,
				F4FCD37F1FF8B150009E9B3E /* main.cpp */,
				F4FCD3861FF98E38009E9B3E /* sprite.h */,
				F4FCD3851FF98E38009E9B3E /* sprite.cpp */,
				F4FCD3891FF9AF99009E9B3E /* animatedsprite.h */,
				F4FCD3881FF9AF99009E9B3E /* animatedsprite.cpp */,
				F4FCD38C1FF9CA07009E9B3E /* player.h */,
				F4FCD38B1FF9CA07009E9B3E /* player.cpp */,
				F4FCD38F1FFB4AB2009E9B3E /* world.h */,
				F4FCD38E1FFB4AB2009E9B3E /* world.cpp */,
				F4FCD3921FFB6A03009E9B3E /* platform.h */,
				F4FCD3911FFB6A03009E9B3E /* platform.cpp */,
				F4FCD3951FFB85A0009E9B3E /* collidable.h */,
				F4FCD3941FFB85A0009E9B3E /* collidable.cpp */,
				F4BBABF21FFF6A3600ABB340 /* spring.h */,
				F4BBABF11FFF6A3600ABB340 /* spring.cpp */,
				F40FBD562003133400D403AC /* input.h */,
				F40FBD552003133400D403AC /* input.cpp */,
			);
			path = Source;
			sourceTree = "<group>";
		};
		F4FCD37E1FF8AFFC009E9B3E /* Libraries */ = {
			isa = PBXGroup;
			children = (
				F4FCD3691FF89FEF009E9B3E /* libSDL2-2.0.0.dylib */,
			);
			path = Libraries;
			sourceTree = "<group>";
		};
/* End PBXGroup section */

/* Begin PBXNativeTarget section */
		F4FCD35C1FF832F9009E9B3E /* ElsaJump */ = {
			isa = PBXNativeTarget;
			buildConfigurationList = F4FCD3641FF832F9009E9B3E /* Build configuration list for PBXNativeTarget "ElsaJump" */;
			buildPhases = (
				F4FCD3591FF832F9009E9B3E /* Sources */,
				F4FCD35A1FF832F9009E9B3E /* Frameworks */,
				F4FCD35B1FF832F9009E9B3E /* CopyFiles */,
			);
			buildRules = (
			);
			dependencies = (
			);
			name = ElsaJump;
			productName = ElsaJump;
			productReference = F4FCD35D1FF832F9009E9B3E /* Elsa Jump */;
			productType = "com.apple.product-type.tool";
		};
/* End PBXNativeTarget section */

/* Begin PBXProject section */
		F4FCD3551FF832F9009E9B3E /* Project object */ = {
			isa = PBXProject;
			attributes = {
				LastUpgradeCheck = 0920;
				ORGANIZATIONNAME = "Simón Zeiger";
				TargetAttributes = {
					F4FCD35C1FF832F9009E9B3E = {
						CreatedOnToolsVersion = 9.2;
						ProvisioningStyle = Automatic;
					};
				};
			};
			buildConfigurationList = F4FCD3581FF832F9009E9B3E /* Build configuration list for PBXProject "ElsaJump" */;
			compatibilityVersion = "Xcode 8.0";
			developmentRegion = en;
			hasScannedForEncodings = 0;
			knownRegions = (
				en,
			);
			mainGroup = F4FCD3541FF832F9009E9B3E;
			productRefGroup = F4FCD35E1FF832F9009E9B3E /* Products */;
			projectDirPath = "";
			projectRoot = "";
			targets = (
				F4FCD35C1FF832F9009E9B3E /* ElsaJump */,
			);
		};
/* End PBXProject section */

/* Begin PBXSourcesBuildPhase section */
		F4FCD3591FF832F9009E9B3E /* Sources */ = {
			isa = PBXSourcesBuildPhase;
			buildActionMask = 2147483647;
			files = (
				F4FCD3781FF8A427009E9B3E /* game.cpp in Sources */,
				F40FBD572003133400D403AC /* input.cpp in Sources */,
				F4FCD3801FF8B150009E9B3E /* main.cpp in Sources */,
				F4FCD3931FFB6A03009E9B3E /* platform.cpp in Sources */,
				F4FCD38D1FF9CA07009E9B3E /* player.cpp in Sources */,
				F4BBABF31FFF6A3600ABB340 /* spring.cpp in Sources */,
				F4FCD3871FF98E38009E9B3E /* sprite.cpp in Sources */,
				F4FCD38A1FF9AF99009E9B3E /* animatedsprite.cpp in Sources */,
				F4FCD3901FFB4AB2009E9B3E /* world.cpp in Sources */,
				F4FCD3961FFB85A0009E9B3E /* collidable.cpp in Sources */,
				F4FCD37C1FF8A5F5009E9B3E /* graphics.cpp in Sources */,
			);
			runOnlyForDeploymentPostprocessing = 0;
		};
/* End PBXSourcesBuildPhase section */

/* Begin XCBuildConfiguration section */
		F4FCD3621FF832F9009E9B3E /* Debug */ = {
			isa = XCBuildConfiguration;
			buildSettings = {
				ALWAYS_SEARCH_USER_PATHS = NO;
				CLANG_ANALYZER_NONNULL = YES;
				CLANG_ANALYZER_NUMBER_OBJECT_CONVERSION = YES_AGGRESSIVE;
				CLANG_CXX_LANGUAGE_STANDARD = "gnu++14";
				CLANG_CXX_LIBRARY = "libc++";
				CLANG_ENABLE_MODULES = YES;
				CLANG_ENABLE_OBJC_ARC = YES;
				CLANG_WARN_BLOCK_CAPTURE_AUTORELEASING = YES;
				CLANG_WARN_BOOL_CONVERSION = YES;
				CLANG_WARN_COMMA = YES;
				CLANG_WARN_CONSTANT_CONVERSION = YES;
				CLANG_WARN_DIRECT_OBJC_ISA_USAGE = YES_ERROR;
				CLANG_WARN_DOCUMENTATION_COMMENTS = YES;
				CLANG_WARN_EMPTY_BODY = YES;
				CLANG_WARN_ENUM_CONVERSION = YES;
				CLANG_WARN_INFINITE_RECURSION = YES;
				CLANG_WARN_INT_CONVERSION = YES;
				CLANG_WARN_NON_LITERAL_NULL_CONVERSION = YES;
				CLANG_WARN_OBJC_LITERAL_CONVERSION = YES;
				CLANG_WARN_OBJC_ROOT_CLASS = YES_ERROR;
				CLANG_WARN_RANGE_LOOP_ANALYSIS = YES;
				CLANG_WARN_STRICT_PROTOTYPES = YES;
				CLANG_WARN_SUSPICIOUS_MOVE = YES;
				CLANG_WARN_UNGUARDED_AVAILABILITY = YES_AGGRESSIVE;
				CLANG_WARN_UNREACHABLE_CODE = YES;
				CLANG_WARN__DUPLICATE_METHOD_MATCH = YES;
				CODE_SIGN_IDENTITY = "-";
				COPY_PHASE_STRIP = NO;
				DEBUG_INFORMATION_FORMAT = dwarf;
				ENABLE_STRICT_OBJC_MSGSEND = YES;
				ENABLE_TESTABILITY = YES;
				GCC_C_LANGUAGE_STANDARD = gnu11;
				GCC_DYNAMIC_NO_PIC = NO;
				GCC_NO_COMMON_BLOCKS = YES;
				GCC_OPTIMIZATION_LEVEL = 0;
				GCC_PREPROCESSOR_DEFINITIONS = (
					"DEBUG=1",
					"$(inherited)",
				);
				GCC_WARN_64_TO_32_BIT_CONVERSION = YES;
				GCC_WARN_ABOUT_RETURN_TYPE = YES_ERROR;
				GCC_WARN_UNDECLARED_SELECTOR = YES;
				GCC_WARN_UNINITIALIZED_AUTOS = YES_AGGRESSIVE;
				GCC_WARN_UNUSED_FUNCTION = YES;
				GCC_WARN_UNUSED_VARIABLE = YES;
				MACOSX_DEPLOYMENT_TARGET = 10.12;
				MTL_ENABLE_DEBUG_INFO = YES;
				ONLY_ACTIVE_ARCH = YES;
				SDKROOT = macosx;
			};
			name = Debug;
		};
		F4FCD3631FF832F9009E9B3E /* Release */ = {
			isa = XCBuildConfiguration;
			buildSettings = {
				ALWAYS_SEARCH_USER_PATHS = NO;
				CLANG_ANALYZER_NONNULL = YES;
				CLANG_ANALYZER_NUMBER_OBJECT_CONVERSION = YES_AGGRESSIVE;
				CLANG_CXX_LANGUAGE_STANDARD = "gnu++14";
				CLANG_CXX_LIBRARY = "libc++";
				CLANG_ENABLE_MODULES = YES;
				CLANG_ENABLE_OBJC_ARC = YES;
				CLANG_WARN_BLOCK_CAPTURE_AUTORELEASING = YES;
				CLANG_WARN_BOOL_CONVERSION = YES;
				CLANG_WARN_COMMA = YES;
				CLANG_WARN_CONSTANT_CONVERSION = YES;
				CLANG_WARN_DIRECT_OBJC_ISA_USAGE = YES_ERROR;
				CLANG_WARN_DOCUMENTATION_COMMENTS = YES;
				CLANG_WARN_EMPTY_BODY = YES;
				CLANG_WARN_ENUM_CONVERSION = YES;
				CLANG_WARN_INFINITE_RECURSION = YES;
				CLANG_WARN_INT_CONVERSION = YES;
				CLANG_WARN_NON_LITERAL_NULL_CONVERSION = YES;
				CLANG_WARN_OBJC_LITERAL_CONVERSION = YES;
				CLANG_WARN_OBJC_ROOT_CLASS = YES_ERROR;
				CLANG_WARN_RANGE_LOOP_ANALYSIS = YES;
				CLANG_WARN_STRICT_PROTOTYPES = YES;
				CLANG_WARN_SUSPICIOUS_MOVE = YES;
				CLANG_WARN_UNGUARDED_AVAILABILITY = YES_AGGRESSIVE;
				CLANG_WARN_UNREACHABLE_CODE = YES;
				CLANG_WARN__DUPLICATE_METHOD_MATCH = YES;
				CODE_SIGN_IDENTITY = "-";
				COPY_PHASE_STRIP = NO;
				DEBUG_INFORMATION_FORMAT = "dwarf-with-dsym";
				ENABLE_NS_ASSERTIONS = NO;
				ENABLE_STRICT_OBJC_MSGSEND = YES;
				GCC_C_LANGUAGE_STANDARD = gnu11;
				GCC_NO_COMMON_BLOCKS = YES;
				GCC_WARN_64_TO_32_BIT_CONVERSION = YES;
				GCC_WARN_ABOUT_RETURN_TYPE = YES_ERROR;
				GCC_WARN_UNDECLARED_SELECTOR = YES;
				GCC_WARN_UNINITIALIZED_AUTOS = YES_AGGRESSIVE;
				GCC_WARN_UNUSED_FUNCTION = YES;
				GCC_WARN_UNUSED_VARIABLE = YES;
				MACOSX_DEPLOYMENT_TARGET = 10.12;
				MTL_ENABLE_DEBUG_INFO = NO;
				SDKROOT = macosx;
			};
			name = Release;
		};
		F4FCD3651FF832F9009E9B3E /* Debug */ = {
			isa = XCBuildConfiguration;
			buildSettings = {
				CODE_SIGN_STYLE = Automatic;
				FRAMEWORK_SEARCH_PATHS = (
					"$(inherited)",
					"$(PROJECT_DIR)/Frameworks",
				);
				HEADER_SEARCH_PATHS = (
					"$(PROJECT_DIR)/Libraries",
					"$(inherited)",
				);
				INSTALL_PATH = "@rpath";
				LD_RUNPATH_SEARCH_PATHS = "@executable_path/./Frameworks";
				LIBRARY_SEARCH_PATHS = "$(PROJECT_DIR)/Libraries";
				MACOSX_DEPLOYMENT_TARGET = 10.9;
				PRODUCT_NAME = "Elsa Jump";
			};
			name = Debug;
		};
		F4FCD3661FF832F9009E9B3E /* Release */ = {
			isa = XCBuildConfiguration;
			buildSettings = {
				CODE_SIGN_STYLE = Automatic;
				FRAMEWORK_SEARCH_PATHS = (
					"$(inherited)",
					"$(PROJECT_DIR)/Frameworks",
				);
				HEADER_SEARCH_PATHS = (
					"$(PROJECT_DIR)/Libraries",
					"$(inherited)",
				);
				INSTALL_PATH = "@rpath";
				LD_RUNPATH_SEARCH_PATHS = "@executable_path/./Frameworks";
				LIBRARY_SEARCH_PATHS = "$(PROJECT_DIR)/Libraries";
				MACOSX_DEPLOYMENT_TARGET = 10.9;
				PRODUCT_NAME = "Elsa Jump";
			};
			name = Release;
		};
/* End XCBuildConfiguration section */

/* Begin XCConfigurationList section */
		F4FCD3581FF832F9009E9B3E /* Build configuration list for PBXProject "ElsaJump" */ = {
			isa = XCConfigurationList;
			buildConfigurations = (
				F4FCD3621FF832F9009E9B3E /* Debug */,
				F4FCD3631FF832F9009E9B3E /* Release */,
			);
			defaultConfigurationIsVisible = 0;
			defaultConfigurationName = Release;
		};
		F4FCD3641FF832F9009E9B3E /* Build configuration list for PBXNativeTarget "ElsaJump" */ = {
			isa = XCConfigurationList;
			buildConfigurations = (
				F4FCD3651FF832F9009E9B3E /* Debug */,
				F4FCD3661FF832F9009E9B3E /* Release */,
			);
			defaultConfigurationIsVisible = 0;
			defaultConfigurationName = Release;
		};
/* End XCConfigurationList section */
	};
	rootObject = F4FCD3551FF832F9009E9B3E /* Project object */;
}
