// !$*UTF8*$!
{
	archiveVersion = 1;
	classes = {
	};
	objectVersion = 48;
	objects = {

/* Begin PBXBuildFile section */
		F40FBD572003133400D403AC /* input.cpp in Sources */ = {isa = PBXBuildFile; fileRef = F40FBD552003133400D403AC /* input.cpp */; };
		F4208114200D7A1A0053659E /* SDL2.framework in Frameworks */ = {isa = PBXBuildFile; fileRef = F4208112200D7A1A0053659E /* SDL2.framework */; settings = {ATTRIBUTES = (Required, ); }; };
		F4208115200D7A1A0053659E /* SDL2_image.framework in Frameworks */ = {isa = PBXBuildFile; fileRef = F4208113200D7A1A0053659E /* SDL2_image.framework */; };
		F420811F200EF9380053659E /* powerup.cpp in Sources */ = {isa = PBXBuildFile; fileRef = F420811D200EF9380053659E /* powerup.cpp */; };
		F4208120200EF9380053659E /* powerup.cpp in Sources */ = {isa = PBXBuildFile; fileRef = F420811D200EF9380053659E /* powerup.cpp */; };
		F48F42AF2007673E0012621C /* projectile.cpp in Sources */ = {isa = PBXBuildFile; fileRef = F48F42AD2007673E0012621C /* projectile.cpp */; };
		F48F42B7200928FB0012621C /* AppleScriptObjC.framework in Frameworks */ = {isa = PBXBuildFile; fileRef = F48F42B6200928FB0012621C /* AppleScriptObjC.framework */; };
		F48F42CB200929DB0012621C /* AppleScriptObjC.framework in Frameworks */ = {isa = PBXBuildFile; fileRef = F48F42B6200928FB0012621C /* AppleScriptObjC.framework */; };
		F48F431B200936030012621C /* AppleScriptObjC.framework in Frameworks */ = {isa = PBXBuildFile; fileRef = F48F42B6200928FB0012621C /* AppleScriptObjC.framework */; };
		F48F432A200937430012621C /* game.cpp in Sources */ = {isa = PBXBuildFile; fileRef = F4FCD3761FF8A427009E9B3E /* game.cpp */; };
		F48F432B200937430012621C /* world.cpp in Sources */ = {isa = PBXBuildFile; fileRef = F4FCD38E1FFB4AB2009E9B3E /* world.cpp */; };
		F48F432C200937430012621C /* graphics.cpp in Sources */ = {isa = PBXBuildFile; fileRef = F4FCD37A1FF8A5F5009E9B3E /* graphics.cpp */; };
		F48F432D200937430012621C /* main.cpp in Sources */ = {isa = PBXBuildFile; fileRef = F4FCD37F1FF8B150009E9B3E /* main.cpp */; };
		F48F432E200937430012621C /* sprite.cpp in Sources */ = {isa = PBXBuildFile; fileRef = F4FCD3851FF98E38009E9B3E /* sprite.cpp */; };
		F48F432F200937430012621C /* animatedsprite.cpp in Sources */ = {isa = PBXBuildFile; fileRef = F4FCD3881FF9AF99009E9B3E /* animatedsprite.cpp */; };
		F48F4330200937430012621C /* player.cpp in Sources */ = {isa = PBXBuildFile; fileRef = F4FCD38B1FF9CA07009E9B3E /* player.cpp */; };
		F48F4331200937430012621C /* collidables.cpp in Sources */ = {isa = PBXBuildFile; fileRef = F4FCD3941FFB85A0009E9B3E /* collidables.cpp */; };
		F48F4332200937430012621C /* projectile.cpp in Sources */ = {isa = PBXBuildFile; fileRef = F48F42AD2007673E0012621C /* projectile.cpp */; };
		F48F4333200937430012621C /* cloud.cpp in Sources */ = {isa = PBXBuildFile; fileRef = F4D89BEC2004808000073BB0 /* cloud.cpp */; };
		F48F4334200937430012621C /* numsprite.cpp in Sources */ = {isa = PBXBuildFile; fileRef = F4D89BEF2005542C00073BB0 /* numsprite.cpp */; };
		F48F4335200937430012621C /* input.cpp in Sources */ = {isa = PBXBuildFile; fileRef = F40FBD552003133400D403AC /* input.cpp */; };
		F48F43382009379A0012621C /* Content in Resources */ = {isa = PBXBuildFile; fileRef = F4FCD36C1FF8A19D009E9B3E /* Content */; };
		F48F433C20093AF40012621C /* Frameworks in CopyFiles */ = {isa = PBXBuildFile; fileRef = F4FCD36D1FF8A19D009E9B3E /* Frameworks */; };
		F48F433D20093EE80012621C /* Frameworks in Resources */ = {isa = PBXBuildFile; fileRef = F4FCD36D1FF8A19D009E9B3E /* Frameworks */; };
		F48F436C2009F7270012621C /* SDL2_ttf.framework in Frameworks */ = {isa = PBXBuildFile; fileRef = F48F436B2009F7270012621C /* SDL2_ttf.framework */; };
		F48F436D2009F7310012621C /* SDL2_ttf.framework in Frameworks */ = {isa = PBXBuildFile; fileRef = F48F436B2009F7270012621C /* SDL2_ttf.framework */; };
		F48F4370200AD3A60012621C /* enemy.cpp in Sources */ = {isa = PBXBuildFile; fileRef = F48F436E200AD3A60012621C /* enemy.cpp */; };
		F48F4371200AD3A60012621C /* enemy.cpp in Sources */ = {isa = PBXBuildFile; fileRef = F48F436E200AD3A60012621C /* enemy.cpp */; };
		F4D89BEE2004808000073BB0 /* cloud.cpp in Sources */ = {isa = PBXBuildFile; fileRef = F4D89BEC2004808000073BB0 /* cloud.cpp */; };
		F4D89BF12005542C00073BB0 /* numsprite.cpp in Sources */ = {isa = PBXBuildFile; fileRef = F4D89BEF2005542C00073BB0 /* numsprite.cpp */; };
		F4FCD3721FF8A246009E9B3E /* Content in CopyFiles */ = {isa = PBXBuildFile; fileRef = F4FCD36C1FF8A19D009E9B3E /* Content */; };
		F4FCD3781FF8A427009E9B3E /* game.cpp in Sources */ = {isa = PBXBuildFile; fileRef = F4FCD3761FF8A427009E9B3E /* game.cpp */; };
		F4FCD37C1FF8A5F5009E9B3E /* graphics.cpp in Sources */ = {isa = PBXBuildFile; fileRef = F4FCD37A1FF8A5F5009E9B3E /* graphics.cpp */; };
		F4FCD3801FF8B150009E9B3E /* main.cpp in Sources */ = {isa = PBXBuildFile; fileRef = F4FCD37F1FF8B150009E9B3E /* main.cpp */; };
		F4FCD3871FF98E38009E9B3E /* sprite.cpp in Sources */ = {isa = PBXBuildFile; fileRef = F4FCD3851FF98E38009E9B3E /* sprite.cpp */; };
		F4FCD38A1FF9AF99009E9B3E /* animatedsprite.cpp in Sources */ = {isa = PBXBuildFile; fileRef = F4FCD3881FF9AF99009E9B3E /* animatedsprite.cpp */; };
		F4FCD38D1FF9CA07009E9B3E /* player.cpp in Sources */ = {isa = PBXBuildFile; fileRef = F4FCD38B1FF9CA07009E9B3E /* player.cpp */; };
		F4FCD3901FFB4AB2009E9B3E /* world.cpp in Sources */ = {isa = PBXBuildFile; fileRef = F4FCD38E1FFB4AB2009E9B3E /* world.cpp */; };
		F4FCD3961FFB85A0009E9B3E /* collidables.cpp in Sources */ = {isa = PBXBuildFile; fileRef = F4FCD3941FFB85A0009E9B3E /* collidables.cpp */; };
/* End PBXBuildFile section */

/* Begin PBXCopyFilesBuildPhase section */
		F4FCD35B1FF832F9009E9B3E /* CopyFiles */ = {
			isa = PBXCopyFilesBuildPhase;
			buildActionMask = 12;
			dstPath = "";
			dstSubfolderSpec = 16;
			files = (
				F48F433C20093AF40012621C /* Frameworks in CopyFiles */,
				F4FCD3721FF8A246009E9B3E /* Content in CopyFiles */,
			);
			runOnlyForDeploymentPostprocessing = 0;
		};
/* End PBXCopyFilesBuildPhase section */

/* Begin PBXFileReference section */
		F40FBD4F20014AC800D403AC /* spring.psd */ = {isa = PBXFileReference; lastKnownFileType = file; path = spring.psd; sourceTree = "<group>"; };
		F40FBD5020014AC800D403AC /* elsachar.psd */ = {isa = PBXFileReference; lastKnownFileType = file; path = elsachar.psd; sourceTree = "<group>"; };
		F40FBD5120014AC800D403AC /* cloud.psd */ = {isa = PBXFileReference; lastKnownFileType = file; path = cloud.psd; sourceTree = "<group>"; };
		F40FBD5220014AC800D403AC /* coin.psd */ = {isa = PBXFileReference; lastKnownFileType = file; path = coin.psd; sourceTree = "<group>"; };
		F40FBD5320014AC900D403AC /* numsheet.psd */ = {isa = PBXFileReference; lastKnownFileType = file; path = numsheet.psd; sourceTree = "<group>"; };
		F40FBD5420014AC900D403AC /* startgametext.psd */ = {isa = PBXFileReference; lastKnownFileType = file; path = startgametext.psd; sourceTree = "<group>"; };
		F40FBD552003133400D403AC /* input.cpp */ = {isa = PBXFileReference; fileEncoding = 4; lastKnownFileType = sourcecode.cpp.cpp; path = input.cpp; sourceTree = "<group>"; };
		F40FBD562003133400D403AC /* input.h */ = {isa = PBXFileReference; fileEncoding = 4; lastKnownFileType = sourcecode.c.h; path = input.h; sourceTree = "<group>"; };
		F4208112200D7A1A0053659E /* SDL2.framework */ = {isa = PBXFileReference; lastKnownFileType = wrapper.framework; name = SDL2.framework; path = Frameworks/SDL2.framework; sourceTree = "<group>"; };
		F4208113200D7A1A0053659E /* SDL2_image.framework */ = {isa = PBXFileReference; lastKnownFileType = wrapper.framework; name = SDL2_image.framework; path = Frameworks/SDL2_image.framework; sourceTree = "<group>"; };
		F420811B200D80AE0053659E /* user_data */ = {isa = PBXFileReference; lastKnownFileType = folder; path = user_data; sourceTree = "<group>"; };
		F420811D200EF9380053659E /* powerup.cpp */ = {isa = PBXFileReference; lastKnownFileType = sourcecode.cpp.cpp; path = powerup.cpp; sourceTree = "<group>"; };
		F420811E200EF9380053659E /* powerup.h */ = {isa = PBXFileReference; lastKnownFileType = sourcecode.c.h; path = powerup.h; sourceTree = "<group>"; };
		F48F42AB2006E7670012621C /* PlatformSpriteSheet.psd */ = {isa = PBXFileReference; lastKnownFileType = file; path = PlatformSpriteSheet.psd; sourceTree = "<group>"; };
		F48F42AC2006E7740012621C /* ThinPlatform.psd */ = {isa = PBXFileReference; lastKnownFileType = file; path = ThinPlatform.psd; sourceTree = "<group>"; };
		F48F42AD2007673E0012621C /* projectile.cpp */ = {isa = PBXFileReference; lastKnownFileType = sourcecode.cpp.cpp; path = projectile.cpp; sourceTree = "<group>"; };
		F48F42AE2007673E0012621C /* projectile.h */ = {isa = PBXFileReference; lastKnownFileType = sourcecode.c.h; path = projectile.h; sourceTree = "<group>"; };
		F48F42B4200928FB0012621C /* Jordan.app */ = {isa = PBXFileReference; explicitFileType = wrapper.application; includeInIndex = 0; path = Jordan.app; sourceTree = BUILT_PRODUCTS_DIR; };
		F48F42B6200928FB0012621C /* AppleScriptObjC.framework */ = {isa = PBXFileReference; lastKnownFileType = wrapper.framework; name = AppleScriptObjC.framework; path = System/Library/Frameworks/AppleScriptObjC.framework; sourceTree = SDKROOT; };
		F48F42CA200929DB0012621C /* JordanT.app */ = {isa = PBXFileReference; explicitFileType = wrapper.application; includeInIndex = 0; path = JordanT.app; sourceTree = BUILT_PRODUCTS_DIR; };
		F48F4314200935090012621C /* AppDelegate.applescript */ = {isa = PBXFileReference; lastKnownFileType = sourcecode.applescript; path = AppDelegate.applescript; sourceTree = "<group>"; };
		F48F4315200935710012621C /* Info.plist */ = {isa = PBXFileReference; fileEncoding = 4; lastKnownFileType = text.plist.xml; name = Info.plist; path = ElsaJump/Info.plist; sourceTree = "<group>"; };
		F48F431A200936030012621C /* Elsa Jump.app */ = {isa = PBXFileReference; explicitFileType = wrapper.application; includeInIndex = 0; path = "Elsa Jump.app"; sourceTree = BUILT_PRODUCTS_DIR; };
		F48F436B2009F7270012621C /* SDL2_ttf.framework */ = {isa = PBXFileReference; lastKnownFileType = wrapper.framework; name = SDL2_ttf.framework; path = Frameworks/SDL2_ttf.framework; sourceTree = "<group>"; };
		F48F436E200AD3A60012621C /* enemy.cpp */ = {isa = PBXFileReference; lastKnownFileType = sourcecode.cpp.cpp; path = enemy.cpp; sourceTree = "<group>"; };
		F48F436F200AD3A60012621C /* enemy.h */ = {isa = PBXFileReference; lastKnownFileType = sourcecode.c.h; path = enemy.h; sourceTree = "<group>"; };
		F4D89BEC2004808000073BB0 /* cloud.cpp */ = {isa = PBXFileReference; lastKnownFileType = sourcecode.cpp.cpp; path = cloud.cpp; sourceTree = "<group>"; };
		F4D89BED2004808000073BB0 /* cloud.h */ = {isa = PBXFileReference; lastKnownFileType = sourcecode.c.h; path = cloud.h; sourceTree = "<group>"; };
		F4D89BEF2005542C00073BB0 /* numsprite.cpp */ = {isa = PBXFileReference; lastKnownFileType = sourcecode.cpp.cpp; path = numsprite.cpp; sourceTree = "<group>"; };
		F4D89BF02005542C00073BB0 /* numsprite.h */ = {isa = PBXFileReference; lastKnownFileType = sourcecode.c.h; path = numsprite.h; sourceTree = "<group>"; };
		F4FCD35D1FF832F9009E9B3E /* Elsa Jump */ = {isa = PBXFileReference; explicitFileType = "compiled.mach-o.executable"; includeInIndex = 0; path = "Elsa Jump"; sourceTree = BUILT_PRODUCTS_DIR; };
		F4FCD3691FF89FEF009E9B3E /* libSDL2-2.0.0.dylib */ = {isa = PBXFileReference; lastKnownFileType = "compiled.mach-o.dylib"; path = "libSDL2-2.0.0.dylib"; sourceTree = "<group>"; };
		F4FCD36C1FF8A19D009E9B3E /* Content */ = {isa = PBXFileReference; lastKnownFileType = folder; path = Content; sourceTree = "<group>"; };
		F4FCD36D1FF8A19D009E9B3E /* Frameworks */ = {isa = PBXFileReference; lastKnownFileType = folder; path = Frameworks; sourceTree = "<group>"; };
		F4FCD3761FF8A427009E9B3E /* game.cpp */ = {isa = PBXFileReference; lastKnownFileType = sourcecode.cpp.cpp; path = game.cpp; sourceTree = "<group>"; };
		F4FCD3771FF8A427009E9B3E /* game.h */ = {isa = PBXFileReference; lastKnownFileType = sourcecode.c.h; path = game.h; sourceTree = "<group>"; };
		F4FCD37A1FF8A5F5009E9B3E /* graphics.cpp */ = {isa = PBXFileReference; lastKnownFileType = sourcecode.cpp.cpp; path = graphics.cpp; sourceTree = "<group>"; };
		F4FCD37B1FF8A5F5009E9B3E /* graphics.h */ = {isa = PBXFileReference; lastKnownFileType = sourcecode.c.h; path = graphics.h; sourceTree = "<group>"; };
		F4FCD37D1FF8A731009E9B3E /* globals.h */ = {isa = PBXFileReference; lastKnownFileType = sourcecode.c.h; path = globals.h; sourceTree = "<group>"; };
		F4FCD37F1FF8B150009E9B3E /* main.cpp */ = {isa = PBXFileReference; lastKnownFileType = sourcecode.cpp.cpp; path = main.cpp; sourceTree = "<group>"; };
		F4FCD3851FF98E38009E9B3E /* sprite.cpp */ = {isa = PBXFileReference; lastKnownFileType = sourcecode.cpp.cpp; path = sprite.cpp; sourceTree = "<group>"; };
		F4FCD3861FF98E38009E9B3E /* sprite.h */ = {isa = PBXFileReference; lastKnownFileType = sourcecode.c.h; path = sprite.h; sourceTree = "<group>"; };
		F4FCD3881FF9AF99009E9B3E /* animatedsprite.cpp */ = {isa = PBXFileReference; lastKnownFileType = sourcecode.cpp.cpp; path = animatedsprite.cpp; sourceTree = "<group>"; };
		F4FCD3891FF9AF99009E9B3E /* animatedsprite.h */ = {isa = PBXFileReference; lastKnownFileType = sourcecode.c.h; path = animatedsprite.h; sourceTree = "<group>"; };
		F4FCD38B1FF9CA07009E9B3E /* player.cpp */ = {isa = PBXFileReference; lastKnownFileType = sourcecode.cpp.cpp; path = player.cpp; sourceTree = "<group>"; };
		F4FCD38C1FF9CA07009E9B3E /* player.h */ = {isa = PBXFileReference; lastKnownFileType = sourcecode.c.h; path = player.h; sourceTree = "<group>"; };
		F4FCD38E1FFB4AB2009E9B3E /* world.cpp */ = {isa = PBXFileReference; lastKnownFileType = sourcecode.cpp.cpp; path = world.cpp; sourceTree = "<group>"; };
		F4FCD38F1FFB4AB2009E9B3E /* world.h */ = {isa = PBXFileReference; lastKnownFileType = sourcecode.c.h; path = world.h; sourceTree = "<group>"; };
		F4FCD3941FFB85A0009E9B3E /* collidables.cpp */ = {isa = PBXFileReference; lastKnownFileType = sourcecode.cpp.cpp; path = collidables.cpp; sourceTree = "<group>"; };
		F4FCD3951FFB85A0009E9B3E /* collidables.h */ = {isa = PBXFileReference; lastKnownFileType = sourcecode.c.h; path = collidables.h; sourceTree = "<group>"; };
/* End PBXFileReference section */

/* Begin PBXFrameworksBuildPhase section */
		F48F42B1200928FB0012621C /* Frameworks */ = {
			isa = PBXFrameworksBuildPhase;
			buildActionMask = 2147483647;
			files = (
				F48F42B7200928FB0012621C /* AppleScriptObjC.framework in Frameworks */,
			);
			runOnlyForDeploymentPostprocessing = 0;
		};
		F48F42C7200929DB0012621C /* Frameworks */ = {
			isa = PBXFrameworksBuildPhase;
			buildActionMask = 2147483647;
			files = (
				F48F42CB200929DB0012621C /* AppleScriptObjC.framework in Frameworks */,
			);
			runOnlyForDeploymentPostprocessing = 0;
		};
		F48F4317200936030012621C /* Frameworks */ = {
			isa = PBXFrameworksBuildPhase;
			buildActionMask = 2147483647;
			files = (
				F4208114200D7A1A0053659E /* SDL2.framework in Frameworks */,
				F4208115200D7A1A0053659E /* SDL2_image.framework in Frameworks */,
				F48F436C2009F7270012621C /* SDL2_ttf.framework in Frameworks */,
				F48F431B200936030012621C /* AppleScriptObjC.framework in Frameworks */,
			);
			runOnlyForDeploymentPostprocessing = 0;
		};
		F4FCD35A1FF832F9009E9B3E /* Frameworks */ = {
			isa = PBXFrameworksBuildPhase;
			buildActionMask = 2147483647;
			files = (
				F48F436D2009F7310012621C /* SDL2_ttf.framework in Frameworks */,
			);
			runOnlyForDeploymentPostprocessing = 0;
		};
/* End PBXFrameworksBuildPhase section */

/* Begin PBXGroup section */
		F40FBD4C1FFF6ECA00D403AC /* PSD */ = {
			isa = PBXGroup;
			children = (
				F40FBD5120014AC800D403AC /* cloud.psd */,
				F40FBD5220014AC800D403AC /* coin.psd */,
				F40FBD5020014AC800D403AC /* elsachar.psd */,
				F40FBD5320014AC900D403AC /* numsheet.psd */,
				F48F42AB2006E7670012621C /* PlatformSpriteSheet.psd */,
				F48F42AC2006E7740012621C /* ThinPlatform.psd */,
				F40FBD4F20014AC800D403AC /* spring.psd */,
				F40FBD5420014AC900D403AC /* startgametext.psd */,
			);
			path = PSD;
			sourceTree = "<group>";
		};
		F48F42B5200928FB0012621C /* Frameworks */ = {
			isa = PBXGroup;
			children = (
				F4208113200D7A1A0053659E /* SDL2_image.framework */,
				F4208112200D7A1A0053659E /* SDL2.framework */,
				F48F436B2009F7270012621C /* SDL2_ttf.framework */,
				F48F42B6200928FB0012621C /* AppleScriptObjC.framework */,
			);
			name = Frameworks;
			sourceTree = "<group>";
		};
		F4FCD3541FF832F9009E9B3E = {
			isa = PBXGroup;
			children = (
				F420811B200D80AE0053659E /* user_data */,
				F48F4315200935710012621C /* Info.plist */,
				F48F4314200935090012621C /* AppDelegate.applescript */,
				F4FCD37E1FF8AFFC009E9B3E /* Libraries */,
				F4FCD35F1FF832F9009E9B3E /* ElsaJump */,
				F48F42B5200928FB0012621C /* Frameworks */,
				F4FCD35E1FF832F9009E9B3E /* Products */,
				F4FCD36D1FF8A19D009E9B3E /* Frameworks */,
			);
			sourceTree = "<group>";
		};
		F4FCD35E1FF832F9009E9B3E /* Products */ = {
			isa = PBXGroup;
			children = (
				F4FCD35D1FF832F9009E9B3E /* Elsa Jump */,
				F48F42B4200928FB0012621C /* Jordan.app */,
				F48F42CA200929DB0012621C /* JordanT.app */,
				F48F431A200936030012621C /* Elsa Jump.app */,
			);
			name = Products;
			sourceTree = "<group>";
		};
		F4FCD35F1FF832F9009E9B3E /* ElsaJump */ = {
			isa = PBXGroup;
			children = (
				F40FBD4C1FFF6ECA00D403AC /* PSD */,
				F4FCD36C1FF8A19D009E9B3E /* Content */,
				F4FCD3791FF8A43D009E9B3E /* Source */,
			);
			path = ElsaJump;
			sourceTree = "<group>";
		};
		F4FCD3791FF8A43D009E9B3E /* Source */ = {
			isa = PBXGroup;
			children = (
				F4FCD3771FF8A427009E9B3E /* game.h */,
				F4FCD3761FF8A427009E9B3E /* game.cpp */,
				F4FCD38F1FFB4AB2009E9B3E /* world.h */,
				F4FCD38E1FFB4AB2009E9B3E /* world.cpp */,
				F4FCD37B1FF8A5F5009E9B3E /* graphics.h */,
				F4FCD37A1FF8A5F5009E9B3E /* graphics.cpp */,
				F4FCD37D1FF8A731009E9B3E /* globals.h */,
				F4FCD37F1FF8B150009E9B3E /* main.cpp */,
				F4FCD3861FF98E38009E9B3E /* sprite.h */,
				F4FCD3851FF98E38009E9B3E /* sprite.cpp */,
				F4FCD3891FF9AF99009E9B3E /* animatedsprite.h */,
				F4FCD3881FF9AF99009E9B3E /* animatedsprite.cpp */,
				F4FCD38C1FF9CA07009E9B3E /* player.h */,
				F4FCD38B1FF9CA07009E9B3E /* player.cpp */,
				F4FCD3951FFB85A0009E9B3E /* collidables.h */,
				F4FCD3941FFB85A0009E9B3E /* collidables.cpp */,
				F420811E200EF9380053659E /* powerup.h */,
				F420811D200EF9380053659E /* powerup.cpp */,
				F48F42AE2007673E0012621C /* projectile.h */,
				F48F42AD2007673E0012621C /* projectile.cpp */,
				F48F436F200AD3A60012621C /* enemy.h */,
				F48F436E200AD3A60012621C /* enemy.cpp */,
				F4D89BED2004808000073BB0 /* cloud.h */,
				F4D89BEC2004808000073BB0 /* cloud.cpp */,
				F4D89BF02005542C00073BB0 /* numsprite.h */,
				F4D89BEF2005542C00073BB0 /* numsprite.cpp */,
				F40FBD562003133400D403AC /* input.h */,
				F40FBD552003133400D403AC /* input.cpp */,
			);
			path = Source;
			sourceTree = "<group>";
		};
		F4FCD37E1FF8AFFC009E9B3E /* Libraries */ = {
			isa = PBXGroup;
			children = (
				F4FCD3691FF89FEF009E9B3E /* libSDL2-2.0.0.dylib */,
			);
			path = Libraries;
			sourceTree = "<group>";
		};
/* End PBXGroup section */

/* Begin PBXNativeTarget section */
		F48F42B3200928FB0012621C /* Jordan */ = {
			isa = PBXNativeTarget;
			buildConfigurationList = F48F42C3200928FB0012621C /* Build configuration list for PBXNativeTarget "Jordan" */;
			buildPhases = (
				F48F42B0200928FB0012621C /* Sources */,
				F48F42B1200928FB0012621C /* Frameworks */,
				F48F42B2200928FB0012621C /* Resources */,
			);
			buildRules = (
			);
			dependencies = (
			);
			name = Jordan;
			productName = Jordan;
			productReference = F48F42B4200928FB0012621C /* Jordan.app */;
			productType = "com.apple.product-type.application";
		};
		F48F42C9200929DB0012621C /* JordanT */ = {
			isa = PBXNativeTarget;
			buildConfigurationList = F48F42D7200929DB0012621C /* Build configuration list for PBXNativeTarget "JordanT" */;
			buildPhases = (
				F48F42C6200929DB0012621C /* Sources */,
				F48F42C7200929DB0012621C /* Frameworks */,
				F48F42C8200929DB0012621C /* Resources */,
			);
			buildRules = (
			);
			dependencies = (
			);
			name = JordanT;
			productName = JordanT;
			productReference = F48F42CA200929DB0012621C /* JordanT.app */;
			productType = "com.apple.product-type.application";
		};
		F48F4319200936030012621C /* JordanTest */ = {
			isa = PBXNativeTarget;
			buildConfigurationList = F48F4327200936030012621C /* Build configuration list for PBXNativeTarget "JordanTest" */;
			buildPhases = (
				F48F4316200936030012621C /* Sources */,
				F48F4317200936030012621C /* Frameworks */,
				F48F4318200936030012621C /* Resources */,
			);
			buildRules = (
			);
			dependencies = (
			);
			name = JordanTest;
			productName = JordanTest;
			productReference = F48F431A200936030012621C /* Elsa Jump.app */;
			productType = "com.apple.product-type.application";
		};
		F4FCD35C1FF832F9009E9B3E /* ElsaJump */ = {
			isa = PBXNativeTarget;
			buildConfigurationList = F4FCD3641FF832F9009E9B3E /* Build configuration list for PBXNativeTarget "ElsaJump" */;
			buildPhases = (
				F4FCD3591FF832F9009E9B3E /* Sources */,
				F4FCD35A1FF832F9009E9B3E /* Frameworks */,
				F4FCD35B1FF832F9009E9B3E /* CopyFiles */,
			);
			buildRules = (
			);
			dependencies = (
			);
			name = ElsaJump;
			productName = ElsaJump;
			productReference = F4FCD35D1FF832F9009E9B3E /* Elsa Jump */;
			productType = "com.apple.product-type.tool";
		};
/* End PBXNativeTarget section */

/* Begin PBXProject section */
		F4FCD3551FF832F9009E9B3E /* Project object */ = {
			isa = PBXProject;
			attributes = {
				LastUpgradeCheck = 0920;
				ORGANIZATIONNAME = "Simón Zeiger";
				TargetAttributes = {
					F48F42B3200928FB0012621C = {
						CreatedOnToolsVersion = 9.2;
						ProvisioningStyle = Automatic;
					};
					F48F42C9200929DB0012621C = {
						CreatedOnToolsVersion = 9.2;
						ProvisioningStyle = Automatic;
					};
					F48F4319200936030012621C = {
						CreatedOnToolsVersion = 9.2;
						ProvisioningStyle = Automatic;
						SystemCapabilities = {
							com.apple.Sandbox = {
								enabled = 0;
							};
						};
					};
					F4FCD35C1FF832F9009E9B3E = {
						CreatedOnToolsVersion = 9.2;
						ProvisioningStyle = Automatic;
					};
				};
			};
			buildConfigurationList = F4FCD3581FF832F9009E9B3E /* Build configuration list for PBXProject "ElsaJump" */;
			compatibilityVersion = "Xcode 8.0";
			developmentRegion = en;
			hasScannedForEncodings = 0;
			knownRegions = (
				en,
				Base,
			);
			mainGroup = F4FCD3541FF832F9009E9B3E;
			productRefGroup = F4FCD35E1FF832F9009E9B3E /* Products */;
			projectDirPath = "";
			projectRoot = "";
			targets = (
				F4FCD35C1FF832F9009E9B3E /* ElsaJump */,
				F48F42B3200928FB0012621C /* Jordan */,
				F48F42C9200929DB0012621C /* JordanT */,
				F48F4319200936030012621C /* JordanTest */,
			);
		};
/* End PBXProject section */

/* Begin PBXResourcesBuildPhase section */
		F48F42B2200928FB0012621C /* Resources */ = {
			isa = PBXResourcesBuildPhase;
			buildActionMask = 2147483647;
			files = (
			);
			runOnlyForDeploymentPostprocessing = 0;
		};
		F48F42C8200929DB0012621C /* Resources */ = {
			isa = PBXResourcesBuildPhase;
			buildActionMask = 2147483647;
			files = (
			);
			runOnlyForDeploymentPostprocessing = 0;
		};
		F48F4318200936030012621C /* Resources */ = {
			isa = PBXResourcesBuildPhase;
			buildActionMask = 2147483647;
			files = (
				F48F433D20093EE80012621C /* Frameworks in Resources */,
				F48F43382009379A0012621C /* Content in Resources */,
			);
			runOnlyForDeploymentPostprocessing = 0;
		};
/* End PBXResourcesBuildPhase section */

/* Begin PBXSourcesBuildPhase section */
		F48F42B0200928FB0012621C /* Sources */ = {
			isa = PBXSourcesBuildPhase;
			buildActionMask = 2147483647;
			files = (
			);
			runOnlyForDeploymentPostprocessing = 0;
		};
		F48F42C6200929DB0012621C /* Sources */ = {
			isa = PBXSourcesBuildPhase;
			buildActionMask = 2147483647;
			files = (
			);
			runOnlyForDeploymentPostprocessing = 0;
		};
		F48F4316200936030012621C /* Sources */ = {
			isa = PBXSourcesBuildPhase;
			buildActionMask = 2147483647;
			files = (
				F48F432A200937430012621C /* game.cpp in Sources */,
				F48F432B200937430012621C /* world.cpp in Sources */,
				F48F432C200937430012621C /* graphics.cpp in Sources */,
				F48F4371200AD3A60012621C /* enemy.cpp in Sources */,
				F48F432D200937430012621C /* main.cpp in Sources */,
				F48F432E200937430012621C /* sprite.cpp in Sources */,
				F48F432F200937430012621C /* animatedsprite.cpp in Sources */,
				F48F4330200937430012621C /* player.cpp in Sources */,
				F4208120200EF9380053659E /* powerup.cpp in Sources */,
				F48F4331200937430012621C /* collidables.cpp in Sources */,
				F48F4332200937430012621C /* projectile.cpp in Sources */,
				F48F4333200937430012621C /* cloud.cpp in Sources */,
				F48F4334200937430012621C /* numsprite.cpp in Sources */,
				F48F4335200937430012621C /* input.cpp in Sources */,
			);
			runOnlyForDeploymentPostprocessing = 0;
		};
		F4FCD3591FF832F9009E9B3E /* Sources */ = {
			isa = PBXSourcesBuildPhase;
			buildActionMask = 2147483647;
			files = (
				F4FCD3781FF8A427009E9B3E /* game.cpp in Sources */,
				F40FBD572003133400D403AC /* input.cpp in Sources */,
				F4FCD3801FF8B150009E9B3E /* main.cpp in Sources */,
				F48F4370200AD3A60012621C /* enemy.cpp in Sources */,
				F4FCD38D1FF9CA07009E9B3E /* player.cpp in Sources */,
				F48F42AF2007673E0012621C /* projectile.cpp in Sources */,
				F4FCD3871FF98E38009E9B3E /* sprite.cpp in Sources */,
				F4FCD38A1FF9AF99009E9B3E /* animatedsprite.cpp in Sources */,
				F420811F200EF9380053659E /* powerup.cpp in Sources */,
				F4FCD3901FFB4AB2009E9B3E /* world.cpp in Sources */,
				F4D89BF12005542C00073BB0 /* numsprite.cpp in Sources */,
				F4D89BEE2004808000073BB0 /* cloud.cpp in Sources */,
				F4FCD3961FFB85A0009E9B3E /* collidables.cpp in Sources */,
				F4FCD37C1FF8A5F5009E9B3E /* graphics.cpp in Sources */,
			);
			runOnlyForDeploymentPostprocessing = 0;
		};
/* End PBXSourcesBuildPhase section */

/* Begin XCBuildConfiguration section */
		F48F42C4200928FB0012621C /* Debug */ = {
			isa = XCBuildConfiguration;
			buildSettings = {
				ASSETCATALOG_COMPILER_APPICON_NAME = AppIcon;
				CODE_SIGN_STYLE = Automatic;
				COMBINE_HIDPI_IMAGES = YES;
				INFOPLIST_FILE = Jordan/Info.plist;
				LD_RUNPATH_SEARCH_PATHS = "$(inherited) @executable_path/../Frameworks";
				PRODUCT_BUNDLE_IDENTIFIER = szeiger.Jordan;
				PRODUCT_NAME = "$(TARGET_NAME)";
			};
			name = Debug;
		};
		F48F42C5200928FB0012621C /* Release */ = {
			isa = XCBuildConfiguration;
			buildSettings = {
				ASSETCATALOG_COMPILER_APPICON_NAME = AppIcon;
				CODE_SIGN_STYLE = Automatic;
				COMBINE_HIDPI_IMAGES = YES;
				INFOPLIST_FILE = Jordan/Info.plist;
				LD_RUNPATH_SEARCH_PATHS = "$(inherited) @executable_path/../Frameworks";
				PRODUCT_BUNDLE_IDENTIFIER = szeiger.Jordan;
				PRODUCT_NAME = "$(TARGET_NAME)";
			};
			name = Release;
		};
		F48F42D8200929DB0012621C /* Debug */ = {
			isa = XCBuildConfiguration;
			buildSettings = {
				ASSETCATALOG_COMPILER_APPICON_NAME = AppIcon;
				CODE_SIGN_STYLE = Automatic;
				COMBINE_HIDPI_IMAGES = YES;
				INFOPLIST_FILE = JordanT/Info.plist;
				LD_RUNPATH_SEARCH_PATHS = "$(inherited) @executable_path/../Frameworks";
				PRODUCT_BUNDLE_IDENTIFIER = szeiger.JordanT;
				PRODUCT_NAME = "$(TARGET_NAME)";
			};
			name = Debug;
		};
		F48F42D9200929DB0012621C /* Release */ = {
			isa = XCBuildConfiguration;
			buildSettings = {
				ASSETCATALOG_COMPILER_APPICON_NAME = AppIcon;
				CODE_SIGN_STYLE = Automatic;
				COMBINE_HIDPI_IMAGES = YES;
				INFOPLIST_FILE = JordanT/Info.plist;
				LD_RUNPATH_SEARCH_PATHS = "$(inherited) @executable_path/../Frameworks";
				PRODUCT_BUNDLE_IDENTIFIER = szeiger.JordanT;
				PRODUCT_NAME = "$(TARGET_NAME)";
			};
			name = Release;
		};
		F48F4328200936030012621C /* Debug */ = {
			isa = XCBuildConfiguration;
			buildSettings = {
				ASSETCATALOG_COMPILER_APPICON_NAME = AppIcon;
				CODE_SIGN_STYLE = Automatic;
				COMBINE_HIDPI_IMAGES = YES;
				FRAMEWORK_SEARCH_PATHS = (
					"$(inherited)",
					"$(PROJECT_DIR)/Frameworks",
				);
				HEADER_SEARCH_PATHS = "$(inherited)";
				INFOPLIST_FILE = ElsaJump/Info.plist;
				LD_RUNPATH_SEARCH_PATHS = "@executable_path/../Resources/Frameworks";
				LIBRARY_SEARCH_PATHS = "$(inherited)";
				MACOSX_DEPLOYMENT_TARGET = 10.7;
				NEW_SETTING = "";
				OTHER_CPLUSPLUSFLAGS = "$(OTHER_CFLAGS)";
				OTHER_OSACOMPILEFLAGS = "";
				PRODUCT_BUNDLE_IDENTIFIER = szeiger.ElsaTest;
				PRODUCT_NAME = "Elsa Jump";
				SEPARATE_SYMBOL_EDIT = NO;
			};
			name = Debug;
		};
		F48F4329200936030012621C /* Release */ = {
			isa = XCBuildConfiguration;
			buildSettings = {
				ASSETCATALOG_COMPILER_APPICON_NAME = AppIcon;
				CODE_SIGN_STYLE = Automatic;
				COMBINE_HIDPI_IMAGES = YES;
				FRAMEWORK_SEARCH_PATHS = (
					"$(inherited)",
					"$(PROJECT_DIR)/Frameworks",
				);
				HEADER_SEARCH_PATHS = "$(inherited)";
				INFOPLIST_FILE = ElsaJump/Info.plist;
				LD_RUNPATH_SEARCH_PATHS = "@executable_path/../Resources/Frameworks";
				LIBRARY_SEARCH_PATHS = "$(inherited)";
				MACOSX_DEPLOYMENT_TARGET = 10.7;
				NEW_SETTING = "";
				OTHER_CPLUSPLUSFLAGS = "$(OTHER_CFLAGS)";
				OTHER_OSACOMPILEFLAGS = "";
				PRODUCT_BUNDLE_IDENTIFIER = szeiger.ElsaTest;
				PRODUCT_NAME = "Elsa Jump";
				SEPARATE_SYMBOL_EDIT = NO;
			};
			name = Release;
		};
		F4FCD3621FF832F9009E9B3E /* Debug */ = {
			isa = XCBuildConfiguration;
			buildSettings = {
				ALWAYS_SEARCH_USER_PATHS = NO;
				CLANG_ANALYZER_NONNULL = YES;
				CLANG_ANALYZER_NUMBER_OBJECT_CONVERSION = YES_AGGRESSIVE;
				CLANG_CXX_LANGUAGE_STANDARD = "gnu++14";
				CLANG_CXX_LIBRARY = "libc++";
				CLANG_ENABLE_MODULES = YES;
				CLANG_ENABLE_OBJC_ARC = YES;
				CLANG_WARN_BLOCK_CAPTURE_AUTORELEASING = YES;
				CLANG_WARN_BOOL_CONVERSION = YES;
				CLANG_WARN_COMMA = YES;
				CLANG_WARN_CONSTANT_CONVERSION = YES;
				CLANG_WARN_DIRECT_OBJC_ISA_USAGE = YES_ERROR;
				CLANG_WARN_DOCUMENTATION_COMMENTS = YES;
				CLANG_WARN_EMPTY_BODY = YES;
				CLANG_WARN_ENUM_CONVERSION = YES;
				CLANG_WARN_INFINITE_RECURSION = YES;
				CLANG_WARN_INT_CONVERSION = YES;
				CLANG_WARN_NON_LITERAL_NULL_CONVERSION = YES;
				CLANG_WARN_OBJC_LITERAL_CONVERSION = YES;
				CLANG_WARN_OBJC_ROOT_CLASS = YES_ERROR;
				CLANG_WARN_RANGE_LOOP_ANALYSIS = YES;
				CLANG_WARN_STRICT_PROTOTYPES = YES;
				CLANG_WARN_SUSPICIOUS_MOVE = YES;
				CLANG_WARN_UNGUARDED_AVAILABILITY = YES_AGGRESSIVE;
				CLANG_WARN_UNREACHABLE_CODE = YES;
				CLANG_WARN__DUPLICATE_METHOD_MATCH = YES;
				CODE_SIGN_IDENTITY = "-";
				COPY_PHASE_STRIP = NO;
				DEBUG_INFORMATION_FORMAT = dwarf;
				ENABLE_STRICT_OBJC_MSGSEND = YES;
				ENABLE_TESTABILITY = YES;
				GCC_C_LANGUAGE_STANDARD = gnu11;
				GCC_DYNAMIC_NO_PIC = NO;
				GCC_NO_COMMON_BLOCKS = YES;
				GCC_OPTIMIZATION_LEVEL = 0;
				GCC_PREPROCESSOR_DEFINITIONS = (
					"DEBUG=1",
					"$(inherited)",
				);
				GCC_WARN_64_TO_32_BIT_CONVERSION = YES;
				GCC_WARN_ABOUT_RETURN_TYPE = YES_ERROR;
				GCC_WARN_UNDECLARED_SELECTOR = YES;
				GCC_WARN_UNINITIALIZED_AUTOS = YES_AGGRESSIVE;
				GCC_WARN_UNUSED_FUNCTION = YES;
				GCC_WARN_UNUSED_VARIABLE = YES;
				MACOSX_DEPLOYMENT_TARGET = 10.12;
				MTL_ENABLE_DEBUG_INFO = YES;
				ONLY_ACTIVE_ARCH = YES;
				SDKROOT = macosx;
			};
			name = Debug;
		};
		F4FCD3631FF832F9009E9B3E /* Release */ = {
			isa = XCBuildConfiguration;
			buildSettings = {
				ALWAYS_SEARCH_USER_PATHS = NO;
				CLANG_ANALYZER_NONNULL = YES;
				CLANG_ANALYZER_NUMBER_OBJECT_CONVERSION = YES_AGGRESSIVE;
				CLANG_CXX_LANGUAGE_STANDARD = "gnu++14";
				CLANG_CXX_LIBRARY = "libc++";
				CLANG_ENABLE_MODULES = YES;
				CLANG_ENABLE_OBJC_ARC = YES;
				CLANG_WARN_BLOCK_CAPTURE_AUTORELEASING = YES;
				CLANG_WARN_BOOL_CONVERSION = YES;
				CLANG_WARN_COMMA = YES;
				CLANG_WARN_CONSTANT_CONVERSION = YES;
				CLANG_WARN_DIRECT_OBJC_ISA_USAGE = YES_ERROR;
				CLANG_WARN_DOCUMENTATION_COMMENTS = YES;
				CLANG_WARN_EMPTY_BODY = YES;
				CLANG_WARN_ENUM_CONVERSION = YES;
				CLANG_WARN_INFINITE_RECURSION = YES;
				CLANG_WARN_INT_CONVERSION = YES;
				CLANG_WARN_NON_LITERAL_NULL_CONVERSION = YES;
				CLANG_WARN_OBJC_LITERAL_CONVERSION = YES;
				CLANG_WARN_OBJC_ROOT_CLASS = YES_ERROR;
				CLANG_WARN_RANGE_LOOP_ANALYSIS = YES;
				CLANG_WARN_STRICT_PROTOTYPES = YES;
				CLANG_WARN_SUSPICIOUS_MOVE = YES;
				CLANG_WARN_UNGUARDED_AVAILABILITY = YES_AGGRESSIVE;
				CLANG_WARN_UNREACHABLE_CODE = YES;
				CLANG_WARN__DUPLICATE_METHOD_MATCH = YES;
				CODE_SIGN_IDENTITY = "-";
				COPY_PHASE_STRIP = NO;
				DEBUG_INFORMATION_FORMAT = "dwarf-with-dsym";
				ENABLE_NS_ASSERTIONS = NO;
				ENABLE_STRICT_OBJC_MSGSEND = YES;
				GCC_C_LANGUAGE_STANDARD = gnu11;
				GCC_NO_COMMON_BLOCKS = YES;
				GCC_WARN_64_TO_32_BIT_CONVERSION = YES;
				GCC_WARN_ABOUT_RETURN_TYPE = YES_ERROR;
				GCC_WARN_UNDECLARED_SELECTOR = YES;
				GCC_WARN_UNINITIALIZED_AUTOS = YES_AGGRESSIVE;
				GCC_WARN_UNUSED_FUNCTION = YES;
				GCC_WARN_UNUSED_VARIABLE = YES;
				MACOSX_DEPLOYMENT_TARGET = 10.12;
				MTL_ENABLE_DEBUG_INFO = NO;
				SDKROOT = macosx;
			};
			name = Release;
		};
		F4FCD3651FF832F9009E9B3E /* Debug */ = {
			isa = XCBuildConfiguration;
			buildSettings = {
				CODE_SIGN_STYLE = Automatic;
				FRAMEWORK_SEARCH_PATHS = (
					"$(inherited)",
					"$(PROJECT_DIR)/Frameworks",
				);
				HEADER_SEARCH_PATHS = (
					"$(PROJECT_DIR)/Libraries",
					"$(inherited)",
				);
				INFOPLIST_FILE = ElsaJump/Info.plist;
				INSTALL_PATH = "$(LOCAL_APPS_DIR)";
				LD_RUNPATH_SEARCH_PATHS = "@executable_path/./Frameworks";
				LIBRARY_SEARCH_PATHS = "$(PROJECT_DIR)/Libraries";
				MACOSX_DEPLOYMENT_TARGET = 10.7;
				PRODUCT_BUNDLE_IDENTIFIER = ElsaJump;
				PRODUCT_NAME = "Elsa Jump";
			};
			name = Debug;
		};
		F4FCD3661FF832F9009E9B3E /* Release */ = {
			isa = XCBuildConfiguration;
			buildSettings = {
				CODE_SIGN_STYLE = Automatic;
				FRAMEWORK_SEARCH_PATHS = (
					"$(inherited)",
					"$(PROJECT_DIR)/Frameworks",
				);
				HEADER_SEARCH_PATHS = (
					"$(PROJECT_DIR)/Libraries",
					"$(inherited)",
				);
				INFOPLIST_FILE = ElsaJump/Info.plist;
				INSTALL_PATH = "$(LOCAL_APPS_DIR)";
				LD_RUNPATH_SEARCH_PATHS = "@executable_path/./Frameworks";
				LIBRARY_SEARCH_PATHS = "$(PROJECT_DIR)/Libraries";
				MACOSX_DEPLOYMENT_TARGET = 10.7;
				PRODUCT_BUNDLE_IDENTIFIER = ElsaJump;
				PRODUCT_NAME = "Elsa Jump";
			};
			name = Release;
		};
/* End XCBuildConfiguration section */

/* Begin XCConfigurationList section */
		F48F42C3200928FB0012621C /* Build configuration list for PBXNativeTarget "Jordan" */ = {
			isa = XCConfigurationList;
			buildConfigurations = (
				F48F42C4200928FB0012621C /* Debug */,
				F48F42C5200928FB0012621C /* Release */,
			);
			defaultConfigurationIsVisible = 0;
			defaultConfigurationName = Release;
		};
		F48F42D7200929DB0012621C /* Build configuration list for PBXNativeTarget "JordanT" */ = {
			isa = XCConfigurationList;
			buildConfigurations = (
				F48F42D8200929DB0012621C /* Debug */,
				F48F42D9200929DB0012621C /* Release */,
			);
			defaultConfigurationIsVisible = 0;
			defaultConfigurationName = Release;
		};
		F48F4327200936030012621C /* Build configuration list for PBXNativeTarget "JordanTest" */ = {
			isa = XCConfigurationList;
			buildConfigurations = (
				F48F4328200936030012621C /* Debug */,
				F48F4329200936030012621C /* Release */,
			);
			defaultConfigurationIsVisible = 0;
			defaultConfigurationName = Release;
		};
		F4FCD3581FF832F9009E9B3E /* Build configuration list for PBXProject "ElsaJump" */ = {
			isa = XCConfigurationList;
			buildConfigurations = (
				F4FCD3621FF832F9009E9B3E /* Debug */,
				F4FCD3631FF832F9009E9B3E /* Release */,
			);
			defaultConfigurationIsVisible = 0;
			defaultConfigurationName = Release;
		};
		F4FCD3641FF832F9009E9B3E /* Build configuration list for PBXNativeTarget "ElsaJump" */ = {
			isa = XCConfigurationList;
			buildConfigurations = (
				F4FCD3651FF832F9009E9B3E /* Debug */,
				F4FCD3661FF832F9009E9B3E /* Release */,
			);
			defaultConfigurationIsVisible = 0;
			defaultConfigurationName = Release;
		};
/* End XCConfigurationList section */
	};
	rootObject = F4FCD3551FF832F9009E9B3E /* Project object */;
}
